// !$*UTF8*$!
{
	archiveVersion = 1;
	classes = {
	};
	objectVersion = 46;
	objects = {

/* Begin PBXBuildFile section */
		2B3F431B05202465668D91D8 /* Pods_IT_PAT_2016UITests.framework in Frameworks */ = {isa = PBXBuildFile; fileRef = F875FF356D2FE83A55AEBBB1 /* Pods_IT_PAT_2016UITests.framework */; };
		3B4C4F3FB2123AA094D609EF /* Pods_IT_PAT_2016.framework in Frameworks */ = {isa = PBXBuildFile; fileRef = 0A4494756344D0A5D72D9EDD /* Pods_IT_PAT_2016.framework */; };
		8233097BDA11B899C4FA5BD2 /* Pods_IT_PAT_2016Tests.framework in Frameworks */ = {isa = PBXBuildFile; fileRef = C9D60D23B3A3E94536229D35 /* Pods_IT_PAT_2016Tests.framework */; };
		D426C7BA1DB52C4000D7020E /* LoginViewController.swift in Sources */ = {isa = PBXBuildFile; fileRef = D426C7B91DB52C4000D7020E /* LoginViewController.swift */; };
		D44260A91DB6442D00EF097F /* ChooseNameViewController.swift in Sources */ = {isa = PBXBuildFile; fileRef = D44260A81DB6442D00EF097F /* ChooseNameViewController.swift */; };
		D467A3A31DB7C33A00005551 /* SubmissionButton.swift in Sources */ = {isa = PBXBuildFile; fileRef = D467A3A21DB7C33A00005551 /* SubmissionButton.swift */; };
		D467A3A51DB7C59F00005551 /* UserController.swift in Sources */ = {isa = PBXBuildFile; fileRef = D467A3A41DB7C59F00005551 /* UserController.swift */; };
		D47A4CB41DB4B7CF00F3A740 /* AppDelegate.swift in Sources */ = {isa = PBXBuildFile; fileRef = D47A4CB31DB4B7CF00F3A740 /* AppDelegate.swift */; };
		D47A4CB91DB4B7CF00F3A740 /* Main.storyboard in Resources */ = {isa = PBXBuildFile; fileRef = D47A4CB71DB4B7CF00F3A740 /* Main.storyboard */; };
		D47A4CBB1DB4B7CF00F3A740 /* Assets.xcassets in Resources */ = {isa = PBXBuildFile; fileRef = D47A4CBA1DB4B7CF00F3A740 /* Assets.xcassets */; };
		D47A4CBE1DB4B7CF00F3A740 /* LaunchScreen.storyboard in Resources */ = {isa = PBXBuildFile; fileRef = D47A4CBC1DB4B7CF00F3A740 /* LaunchScreen.storyboard */; };
		D47A4CC91DB4B7CF00F3A740 /* IT_PAT_2016Tests.swift in Sources */ = {isa = PBXBuildFile; fileRef = D47A4CC81DB4B7CF00F3A740 /* IT_PAT_2016Tests.swift */; };
		D47A4CD41DB4B7CF00F3A740 /* IT_PAT_2016UITests.swift in Sources */ = {isa = PBXBuildFile; fileRef = D47A4CD31DB4B7CF00F3A740 /* IT_PAT_2016UITests.swift */; };
		D48D25A11DB6C3720009AEAC /* MainViewController.swift in Sources */ = {isa = PBXBuildFile; fileRef = D48D25A01DB6C3720009AEAC /* MainViewController.swift */; };
		D4C9873E1DB5F92C00888068 /* Comic Sans MS.ttf in Resources */ = {isa = PBXBuildFile; fileRef = D4C9873D1DB5F92C00888068 /* Comic Sans MS.ttf */; };
		D4C987401DB6043300888068 /* GoogleService-Info.plist in Resources */ = {isa = PBXBuildFile; fileRef = D4C9873F1DB6043300888068 /* GoogleService-Info.plist */; };
/* End PBXBuildFile section */

/* Begin PBXContainerItemProxy section */
		D47A4CC51DB4B7CF00F3A740 /* PBXContainerItemProxy */ = {
			isa = PBXContainerItemProxy;
			containerPortal = D47A4CA81DB4B7CF00F3A740 /* Project object */;
			proxyType = 1;
			remoteGlobalIDString = D47A4CAF1DB4B7CF00F3A740;
			remoteInfo = "IT PAT 2016";
		};
		D47A4CD01DB4B7CF00F3A740 /* PBXContainerItemProxy */ = {
			isa = PBXContainerItemProxy;
			containerPortal = D47A4CA81DB4B7CF00F3A740 /* Project object */;
			proxyType = 1;
			remoteGlobalIDString = D47A4CAF1DB4B7CF00F3A740;
			remoteInfo = "IT PAT 2016";
		};
/* End PBXContainerItemProxy section */

/* Begin PBXFileReference section */
		0A4494756344D0A5D72D9EDD /* Pods_IT_PAT_2016.framework */ = {isa = PBXFileReference; explicitFileType = wrapper.framework; includeInIndex = 0; path = Pods_IT_PAT_2016.framework; sourceTree = BUILT_PRODUCTS_DIR; };
		1CA8629C93F21FF742BE2AC3 /* Pods-IT PAT 2016UITests.release.xcconfig */ = {isa = PBXFileReference; includeInIndex = 1; lastKnownFileType = text.xcconfig; name = "Pods-IT PAT 2016UITests.release.xcconfig"; path = "Pods/Target Support Files/Pods-IT PAT 2016UITests/Pods-IT PAT 2016UITests.release.xcconfig"; sourceTree = "<group>"; };
		1FCD81555106B430FF0913B4 /* Pods-IT PAT 2016.debug.xcconfig */ = {isa = PBXFileReference; includeInIndex = 1; lastKnownFileType = text.xcconfig; name = "Pods-IT PAT 2016.debug.xcconfig"; path = "Pods/Target Support Files/Pods-IT PAT 2016/Pods-IT PAT 2016.debug.xcconfig"; sourceTree = "<group>"; };
		80594E63E68EDAA142A97278 /* Pods-IT PAT 2016UITests.debug.xcconfig */ = {isa = PBXFileReference; includeInIndex = 1; lastKnownFileType = text.xcconfig; name = "Pods-IT PAT 2016UITests.debug.xcconfig"; path = "Pods/Target Support Files/Pods-IT PAT 2016UITests/Pods-IT PAT 2016UITests.debug.xcconfig"; sourceTree = "<group>"; };
		9402B9746EB268D38BA70030 /* Pods-IT PAT 2016.release.xcconfig */ = {isa = PBXFileReference; includeInIndex = 1; lastKnownFileType = text.xcconfig; name = "Pods-IT PAT 2016.release.xcconfig"; path = "Pods/Target Support Files/Pods-IT PAT 2016/Pods-IT PAT 2016.release.xcconfig"; sourceTree = "<group>"; };
		9EE8156445EDF8D58CC282F1 /* Pods-IT PAT 2016Tests.debug.xcconfig */ = {isa = PBXFileReference; includeInIndex = 1; lastKnownFileType = text.xcconfig; name = "Pods-IT PAT 2016Tests.debug.xcconfig"; path = "Pods/Target Support Files/Pods-IT PAT 2016Tests/Pods-IT PAT 2016Tests.debug.xcconfig"; sourceTree = "<group>"; };
		C9D60D23B3A3E94536229D35 /* Pods_IT_PAT_2016Tests.framework */ = {isa = PBXFileReference; explicitFileType = wrapper.framework; includeInIndex = 0; path = Pods_IT_PAT_2016Tests.framework; sourceTree = BUILT_PRODUCTS_DIR; };
		D426C7B91DB52C4000D7020E /* LoginViewController.swift */ = {isa = PBXFileReference; fileEncoding = 4; lastKnownFileType = sourcecode.swift; path = LoginViewController.swift; sourceTree = "<group>"; };
		D44260A81DB6442D00EF097F /* ChooseNameViewController.swift */ = {isa = PBXFileReference; fileEncoding = 4; lastKnownFileType = sourcecode.swift; path = ChooseNameViewController.swift; sourceTree = "<group>"; };
		D467A3A21DB7C33A00005551 /* SubmissionButton.swift */ = {isa = PBXFileReference; fileEncoding = 4; lastKnownFileType = sourcecode.swift; path = SubmissionButton.swift; sourceTree = "<group>"; };
		D467A3A41DB7C59F00005551 /* UserController.swift */ = {isa = PBXFileReference; fileEncoding = 4; lastKnownFileType = sourcecode.swift; path = UserController.swift; sourceTree = "<group>"; };
		D47A4CB01DB4B7CF00F3A740 /* IT PAT 2016.app */ = {isa = PBXFileReference; explicitFileType = wrapper.application; includeInIndex = 0; path = "IT PAT 2016.app"; sourceTree = BUILT_PRODUCTS_DIR; };
		D47A4CB31DB4B7CF00F3A740 /* AppDelegate.swift */ = {isa = PBXFileReference; lastKnownFileType = sourcecode.swift; path = AppDelegate.swift; sourceTree = "<group>"; };
		D47A4CB81DB4B7CF00F3A740 /* Base */ = {isa = PBXFileReference; lastKnownFileType = file.storyboard; name = Base; path = Base.lproj/Main.storyboard; sourceTree = "<group>"; };
		D47A4CBA1DB4B7CF00F3A740 /* Assets.xcassets */ = {isa = PBXFileReference; lastKnownFileType = folder.assetcatalog; path = Assets.xcassets; sourceTree = "<group>"; };
		D47A4CBD1DB4B7CF00F3A740 /* Base */ = {isa = PBXFileReference; lastKnownFileType = file.storyboard; name = Base; path = Base.lproj/LaunchScreen.storyboard; sourceTree = "<group>"; };
		D47A4CBF1DB4B7CF00F3A740 /* Info.plist */ = {isa = PBXFileReference; lastKnownFileType = text.plist.xml; path = Info.plist; sourceTree = "<group>"; };
		D47A4CC41DB4B7CF00F3A740 /* IT PAT 2016Tests.xctest */ = {isa = PBXFileReference; explicitFileType = wrapper.cfbundle; includeInIndex = 0; path = "IT PAT 2016Tests.xctest"; sourceTree = BUILT_PRODUCTS_DIR; };
		D47A4CC81DB4B7CF00F3A740 /* IT_PAT_2016Tests.swift */ = {isa = PBXFileReference; lastKnownFileType = sourcecode.swift; path = IT_PAT_2016Tests.swift; sourceTree = "<group>"; };
		D47A4CCA1DB4B7CF00F3A740 /* Info.plist */ = {isa = PBXFileReference; lastKnownFileType = text.plist.xml; path = Info.plist; sourceTree = "<group>"; };
		D47A4CCF1DB4B7CF00F3A740 /* IT PAT 2016UITests.xctest */ = {isa = PBXFileReference; explicitFileType = wrapper.cfbundle; includeInIndex = 0; path = "IT PAT 2016UITests.xctest"; sourceTree = BUILT_PRODUCTS_DIR; };
		D47A4CD31DB4B7CF00F3A740 /* IT_PAT_2016UITests.swift */ = {isa = PBXFileReference; lastKnownFileType = sourcecode.swift; path = IT_PAT_2016UITests.swift; sourceTree = "<group>"; };
		D47A4CD51DB4B7CF00F3A740 /* Info.plist */ = {isa = PBXFileReference; lastKnownFileType = text.plist.xml; path = Info.plist; sourceTree = "<group>"; };
		D48D259F1DB6C08A0009AEAC /* IT PAT 2016.entitlements */ = {isa = PBXFileReference; lastKnownFileType = text.plist.entitlements; path = "IT PAT 2016.entitlements"; sourceTree = "<group>"; };
		D48D25A01DB6C3720009AEAC /* MainViewController.swift */ = {isa = PBXFileReference; fileEncoding = 4; lastKnownFileType = sourcecode.swift; path = MainViewController.swift; sourceTree = "<group>"; };
		D4C9873D1DB5F92C00888068 /* Comic Sans MS.ttf */ = {isa = PBXFileReference; lastKnownFileType = file; path = "Comic Sans MS.ttf"; sourceTree = "<group>"; };
		D4C9873F1DB6043300888068 /* GoogleService-Info.plist */ = {isa = PBXFileReference; fileEncoding = 4; lastKnownFileType = text.plist.xml; path = "GoogleService-Info.plist"; sourceTree = "<group>"; };
		DC0FDC0633CC729AB47586FF /* Pods-IT PAT 2016Tests.release.xcconfig */ = {isa = PBXFileReference; includeInIndex = 1; lastKnownFileType = text.xcconfig; name = "Pods-IT PAT 2016Tests.release.xcconfig"; path = "Pods/Target Support Files/Pods-IT PAT 2016Tests/Pods-IT PAT 2016Tests.release.xcconfig"; sourceTree = "<group>"; };
		F875FF356D2FE83A55AEBBB1 /* Pods_IT_PAT_2016UITests.framework */ = {isa = PBXFileReference; explicitFileType = wrapper.framework; includeInIndex = 0; path = Pods_IT_PAT_2016UITests.framework; sourceTree = BUILT_PRODUCTS_DIR; };
/* End PBXFileReference section */

/* Begin PBXFrameworksBuildPhase section */
		D47A4CAD1DB4B7CF00F3A740 /* Frameworks */ = {
			isa = PBXFrameworksBuildPhase;
			buildActionMask = 2147483647;
			files = (
				3B4C4F3FB2123AA094D609EF /* Pods_IT_PAT_2016.framework in Frameworks */,
			);
			runOnlyForDeploymentPostprocessing = 0;
		};
		D47A4CC11DB4B7CF00F3A740 /* Frameworks */ = {
			isa = PBXFrameworksBuildPhase;
			buildActionMask = 2147483647;
			files = (
				8233097BDA11B899C4FA5BD2 /* Pods_IT_PAT_2016Tests.framework in Frameworks */,
			);
			runOnlyForDeploymentPostprocessing = 0;
		};
		D47A4CCC1DB4B7CF00F3A740 /* Frameworks */ = {
			isa = PBXFrameworksBuildPhase;
			buildActionMask = 2147483647;
			files = (
				2B3F431B05202465668D91D8 /* Pods_IT_PAT_2016UITests.framework in Frameworks */,
			);
			runOnlyForDeploymentPostprocessing = 0;
		};
/* End PBXFrameworksBuildPhase section */

/* Begin PBXGroup section */
		6DF4BBD2A029D1D778B4DC82 /* Pods */ = {
			isa = PBXGroup;
			children = (
				1FCD81555106B430FF0913B4 /* Pods-IT PAT 2016.debug.xcconfig */,
				9402B9746EB268D38BA70030 /* Pods-IT PAT 2016.release.xcconfig */,
				9EE8156445EDF8D58CC282F1 /* Pods-IT PAT 2016Tests.debug.xcconfig */,
				DC0FDC0633CC729AB47586FF /* Pods-IT PAT 2016Tests.release.xcconfig */,
				80594E63E68EDAA142A97278 /* Pods-IT PAT 2016UITests.debug.xcconfig */,
				1CA8629C93F21FF742BE2AC3 /* Pods-IT PAT 2016UITests.release.xcconfig */,
			);
			name = Pods;
			sourceTree = "<group>";
		};
		845DDA713E02310849015945 /* Frameworks */ = {
			isa = PBXGroup;
			children = (
				0A4494756344D0A5D72D9EDD /* Pods_IT_PAT_2016.framework */,
				C9D60D23B3A3E94536229D35 /* Pods_IT_PAT_2016Tests.framework */,
				F875FF356D2FE83A55AEBBB1 /* Pods_IT_PAT_2016UITests.framework */,
			);
			name = Frameworks;
			sourceTree = "<group>";
		};
		D47A4CA71DB4B7CF00F3A740 = {
			isa = PBXGroup;
			children = (
				D47A4CB21DB4B7CF00F3A740 /* IT PAT 2016 */,
				D47A4CC71DB4B7CF00F3A740 /* IT PAT 2016Tests */,
				D47A4CD21DB4B7CF00F3A740 /* IT PAT 2016UITests */,
				D47A4CB11DB4B7CF00F3A740 /* Products */,
				6DF4BBD2A029D1D778B4DC82 /* Pods */,
				845DDA713E02310849015945 /* Frameworks */,
			);
			sourceTree = "<group>";
		};
		D47A4CB11DB4B7CF00F3A740 /* Products */ = {
			isa = PBXGroup;
			children = (
				D47A4CB01DB4B7CF00F3A740 /* IT PAT 2016.app */,
				D47A4CC41DB4B7CF00F3A740 /* IT PAT 2016Tests.xctest */,
				D47A4CCF1DB4B7CF00F3A740 /* IT PAT 2016UITests.xctest */,
			);
			name = Products;
			sourceTree = "<group>";
		};
		D47A4CB21DB4B7CF00F3A740 /* IT PAT 2016 */ = {
			isa = PBXGroup;
			children = (
				D48D259F1DB6C08A0009AEAC /* IT PAT 2016.entitlements */,
				D47A4CB31DB4B7CF00F3A740 /* AppDelegate.swift */,
				D426C7B91DB52C4000D7020E /* LoginViewController.swift */,
				D44260A81DB6442D00EF097F /* ChooseNameViewController.swift */,
				D48D25A01DB6C3720009AEAC /* MainViewController.swift */,
				D467A3A41DB7C59F00005551 /* UserController.swift */,
				D467A3A21DB7C33A00005551 /* SubmissionButton.swift */,
				D47A4CB71DB4B7CF00F3A740 /* Main.storyboard */,
				D47A4CBC1DB4B7CF00F3A740 /* LaunchScreen.storyboard */,
				D47A4CBA1DB4B7CF00F3A740 /* Assets.xcassets */,
				D47A4CBF1DB4B7CF00F3A740 /* Info.plist */,
				D4C9873F1DB6043300888068 /* GoogleService-Info.plist */,
				D4C9873C1DB5F90500888068 /* Resources */,
			);
			path = "IT PAT 2016";
			sourceTree = "<group>";
		};
		D47A4CC71DB4B7CF00F3A740 /* IT PAT 2016Tests */ = {
			isa = PBXGroup;
			children = (
				D47A4CC81DB4B7CF00F3A740 /* IT_PAT_2016Tests.swift */,
				D47A4CCA1DB4B7CF00F3A740 /* Info.plist */,
			);
			path = "IT PAT 2016Tests";
			sourceTree = "<group>";
		};
		D47A4CD21DB4B7CF00F3A740 /* IT PAT 2016UITests */ = {
			isa = PBXGroup;
			children = (
				D47A4CD31DB4B7CF00F3A740 /* IT_PAT_2016UITests.swift */,
				D47A4CD51DB4B7CF00F3A740 /* Info.plist */,
			);
			path = "IT PAT 2016UITests";
			sourceTree = "<group>";
		};
		D4C9873C1DB5F90500888068 /* Resources */ = {
			isa = PBXGroup;
			children = (
				D4C9873D1DB5F92C00888068 /* Comic Sans MS.ttf */,
			);
			name = Resources;
			sourceTree = "<group>";
		};
/* End PBXGroup section */

/* Begin PBXNativeTarget section */
		D47A4CAF1DB4B7CF00F3A740 /* IT PAT 2016 */ = {
			isa = PBXNativeTarget;
			buildConfigurationList = D47A4CD81DB4B7CF00F3A740 /* Build configuration list for PBXNativeTarget "IT PAT 2016" */;
			buildPhases = (
				04A3BAC1D362888600F03BD9 /* 📦 Check Pods Manifest.lock */,
				D47A4CAC1DB4B7CF00F3A740 /* Sources */,
				D47A4CAD1DB4B7CF00F3A740 /* Frameworks */,
				D47A4CAE1DB4B7CF00F3A740 /* Resources */,
				0B95E42BB66B00791FB7221A /* 📦 Embed Pods Frameworks */,
				1CBBBF439344DE512F7F9EA7 /* 📦 Copy Pods Resources */,
			);
			buildRules = (
			);
			dependencies = (
			);
			name = "IT PAT 2016";
			productName = "IT PAT 2016";
			productReference = D47A4CB01DB4B7CF00F3A740 /* IT PAT 2016.app */;
			productType = "com.apple.product-type.application";
		};
		D47A4CC31DB4B7CF00F3A740 /* IT PAT 2016Tests */ = {
			isa = PBXNativeTarget;
			buildConfigurationList = D47A4CDB1DB4B7CF00F3A740 /* Build configuration list for PBXNativeTarget "IT PAT 2016Tests" */;
			buildPhases = (
				72C708DF98D2AF1EC132F80F /* 📦 Check Pods Manifest.lock */,
				D47A4CC01DB4B7CF00F3A740 /* Sources */,
				D47A4CC11DB4B7CF00F3A740 /* Frameworks */,
				D47A4CC21DB4B7CF00F3A740 /* Resources */,
				0A30D0C407AF8C8E2E4015BD /* 📦 Embed Pods Frameworks */,
				7496206212B9EB8F7A82936C /* 📦 Copy Pods Resources */,
			);
			buildRules = (
			);
			dependencies = (
				D47A4CC61DB4B7CF00F3A740 /* PBXTargetDependency */,
			);
			name = "IT PAT 2016Tests";
			productName = "IT PAT 2016Tests";
			productReference = D47A4CC41DB4B7CF00F3A740 /* IT PAT 2016Tests.xctest */;
			productType = "com.apple.product-type.bundle.unit-test";
		};
		D47A4CCE1DB4B7CF00F3A740 /* IT PAT 2016UITests */ = {
			isa = PBXNativeTarget;
			buildConfigurationList = D47A4CDE1DB4B7CF00F3A740 /* Build configuration list for PBXNativeTarget "IT PAT 2016UITests" */;
			buildPhases = (
				387912E18EB98979E48158BC /* 📦 Check Pods Manifest.lock */,
				D47A4CCB1DB4B7CF00F3A740 /* Sources */,
				D47A4CCC1DB4B7CF00F3A740 /* Frameworks */,
				D47A4CCD1DB4B7CF00F3A740 /* Resources */,
				3DEC054EC00E48CCBF95BA32 /* 📦 Copy Pods Resources */,
			);
			buildRules = (
			);
			dependencies = (
				D47A4CD11DB4B7CF00F3A740 /* PBXTargetDependency */,
			);
			name = "IT PAT 2016UITests";
			productName = "IT PAT 2016UITests";
			productReference = D47A4CCF1DB4B7CF00F3A740 /* IT PAT 2016UITests.xctest */;
			productType = "com.apple.product-type.bundle.ui-testing";
		};
/* End PBXNativeTarget section */

/* Begin PBXProject section */
		D47A4CA81DB4B7CF00F3A740 /* Project object */ = {
			isa = PBXProject;
			attributes = {
				LastSwiftUpdateCheck = 0800;
				LastUpgradeCheck = 0800;
				ORGANIZATIONNAME = "Stephan Cilliers";
				TargetAttributes = {
					D47A4CAF1DB4B7CF00F3A740 = {
						CreatedOnToolsVersion = 8.0;
						DevelopmentTeam = RX8VB86N8V;
						ProvisioningStyle = Automatic;
						SystemCapabilities = {
							com.apple.Keychain = {
								enabled = 1;
							};
						};
					};
					D47A4CC31DB4B7CF00F3A740 = {
						CreatedOnToolsVersion = 8.0;
						DevelopmentTeam = RX8VB86N8V;
						ProvisioningStyle = Automatic;
						TestTargetID = D47A4CAF1DB4B7CF00F3A740;
					};
					D47A4CCE1DB4B7CF00F3A740 = {
						CreatedOnToolsVersion = 8.0;
						DevelopmentTeam = RX8VB86N8V;
						ProvisioningStyle = Automatic;
						TestTargetID = D47A4CAF1DB4B7CF00F3A740;
					};
				};
			};
			buildConfigurationList = D47A4CAB1DB4B7CF00F3A740 /* Build configuration list for PBXProject "IT PAT 2016" */;
			compatibilityVersion = "Xcode 3.2";
			developmentRegion = English;
			hasScannedForEncodings = 0;
			knownRegions = (
				en,
				Base,
			);
			mainGroup = D47A4CA71DB4B7CF00F3A740;
			productRefGroup = D47A4CB11DB4B7CF00F3A740 /* Products */;
			projectDirPath = "";
			projectRoot = "";
			targets = (
				D47A4CAF1DB4B7CF00F3A740 /* IT PAT 2016 */,
				D47A4CC31DB4B7CF00F3A740 /* IT PAT 2016Tests */,
				D47A4CCE1DB4B7CF00F3A740 /* IT PAT 2016UITests */,
			);
		};
/* End PBXProject section */

/* Begin PBXResourcesBuildPhase section */
		D47A4CAE1DB4B7CF00F3A740 /* Resources */ = {
			isa = PBXResourcesBuildPhase;
			buildActionMask = 2147483647;
			files = (
				D47A4CBE1DB4B7CF00F3A740 /* LaunchScreen.storyboard in Resources */,
				D4C9873E1DB5F92C00888068 /* Comic Sans MS.ttf in Resources */,
				D4C987401DB6043300888068 /* GoogleService-Info.plist in Resources */,
				D47A4CBB1DB4B7CF00F3A740 /* Assets.xcassets in Resources */,
				D47A4CB91DB4B7CF00F3A740 /* Main.storyboard in Resources */,
			);
			runOnlyForDeploymentPostprocessing = 0;
		};
		D47A4CC21DB4B7CF00F3A740 /* Resources */ = {
			isa = PBXResourcesBuildPhase;
			buildActionMask = 2147483647;
			files = (
			);
			runOnlyForDeploymentPostprocessing = 0;
		};
		D47A4CCD1DB4B7CF00F3A740 /* Resources */ = {
			isa = PBXResourcesBuildPhase;
			buildActionMask = 2147483647;
			files = (
			);
			runOnlyForDeploymentPostprocessing = 0;
		};
/* End PBXResourcesBuildPhase section */

/* Begin PBXShellScriptBuildPhase section */
		04A3BAC1D362888600F03BD9 /* 📦 Check Pods Manifest.lock */ = {
			isa = PBXShellScriptBuildPhase;
			buildActionMask = 2147483647;
			files = (
			);
			inputPaths = (
			);
			name = "📦 Check Pods Manifest.lock";
			outputPaths = (
			);
			runOnlyForDeploymentPostprocessing = 0;
			shellPath = /bin/sh;
			shellScript = "diff \"${PODS_ROOT}/../Podfile.lock\" \"${PODS_ROOT}/Manifest.lock\" > /dev/null\nif [[ $? != 0 ]] ; then\n    cat << EOM\nerror: The sandbox is not in sync with the Podfile.lock. Run 'pod install' or update your CocoaPods installation.\nEOM\n    exit 1\nfi\n";
			showEnvVarsInLog = 0;
		};
		0A30D0C407AF8C8E2E4015BD /* 📦 Embed Pods Frameworks */ = {
			isa = PBXShellScriptBuildPhase;
			buildActionMask = 2147483647;
			files = (
			);
			inputPaths = (
			);
			name = "📦 Embed Pods Frameworks";
			outputPaths = (
			);
			runOnlyForDeploymentPostprocessing = 0;
			shellPath = /bin/sh;
			shellScript = "\"${SRCROOT}/Pods/Target Support Files/Pods-IT PAT 2016Tests/Pods-IT PAT 2016Tests-frameworks.sh\"\n";
			showEnvVarsInLog = 0;
		};
		0B95E42BB66B00791FB7221A /* 📦 Embed Pods Frameworks */ = {
			isa = PBXShellScriptBuildPhase;
			buildActionMask = 2147483647;
			files = (
			);
			inputPaths = (
			);
			name = "📦 Embed Pods Frameworks";
			outputPaths = (
			);
			runOnlyForDeploymentPostprocessing = 0;
			shellPath = /bin/sh;
			shellScript = "\"${SRCROOT}/Pods/Target Support Files/Pods-IT PAT 2016/Pods-IT PAT 2016-frameworks.sh\"\n";
			showEnvVarsInLog = 0;
		};
		1CBBBF439344DE512F7F9EA7 /* 📦 Copy Pods Resources */ = {
			isa = PBXShellScriptBuildPhase;
			buildActionMask = 2147483647;
			files = (
			);
			inputPaths = (
			);
			name = "📦 Copy Pods Resources";
			outputPaths = (
			);
			runOnlyForDeploymentPostprocessing = 0;
			shellPath = /bin/sh;
			shellScript = "\"${SRCROOT}/Pods/Target Support Files/Pods-IT PAT 2016/Pods-IT PAT 2016-resources.sh\"\n";
			showEnvVarsInLog = 0;
		};
		387912E18EB98979E48158BC /* 📦 Check Pods Manifest.lock */ = {
			isa = PBXShellScriptBuildPhase;
			buildActionMask = 2147483647;
			files = (
			);
			inputPaths = (
			);
			name = "📦 Check Pods Manifest.lock";
			outputPaths = (
			);
			runOnlyForDeploymentPostprocessing = 0;
			shellPath = /bin/sh;
			shellScript = "diff \"${PODS_ROOT}/../Podfile.lock\" \"${PODS_ROOT}/Manifest.lock\" > /dev/null\nif [[ $? != 0 ]] ; then\n    cat << EOM\nerror: The sandbox is not in sync with the Podfile.lock. Run 'pod install' or update your CocoaPods installation.\nEOM\n    exit 1\nfi\n";
			showEnvVarsInLog = 0;
		};
		3DEC054EC00E48CCBF95BA32 /* 📦 Copy Pods Resources */ = {
			isa = PBXShellScriptBuildPhase;
			buildActionMask = 2147483647;
			files = (
			);
			inputPaths = (
			);
			name = "📦 Copy Pods Resources";
			outputPaths = (
			);
			runOnlyForDeploymentPostprocessing = 0;
			shellPath = /bin/sh;
			shellScript = "\"${SRCROOT}/Pods/Target Support Files/Pods-IT PAT 2016UITests/Pods-IT PAT 2016UITests-resources.sh\"\n";
			showEnvVarsInLog = 0;
		};
		72C708DF98D2AF1EC132F80F /* 📦 Check Pods Manifest.lock */ = {
			isa = PBXShellScriptBuildPhase;
			buildActionMask = 2147483647;
			files = (
			);
			inputPaths = (
			);
			name = "📦 Check Pods Manifest.lock";
			outputPaths = (
			);
			runOnlyForDeploymentPostprocessing = 0;
			shellPath = /bin/sh;
			shellScript = "diff \"${PODS_ROOT}/../Podfile.lock\" \"${PODS_ROOT}/Manifest.lock\" > /dev/null\nif [[ $? != 0 ]] ; then\n    cat << EOM\nerror: The sandbox is not in sync with the Podfile.lock. Run 'pod install' or update your CocoaPods installation.\nEOM\n    exit 1\nfi\n";
			showEnvVarsInLog = 0;
		};
		7496206212B9EB8F7A82936C /* 📦 Copy Pods Resources */ = {
			isa = PBXShellScriptBuildPhase;
			buildActionMask = 2147483647;
			files = (
			);
			inputPaths = (
			);
			name = "📦 Copy Pods Resources";
			outputPaths = (
			);
			runOnlyForDeploymentPostprocessing = 0;
			shellPath = /bin/sh;
			shellScript = "\"${SRCROOT}/Pods/Target Support Files/Pods-IT PAT 2016Tests/Pods-IT PAT 2016Tests-resources.sh\"\n";
			showEnvVarsInLog = 0;
		};
/* End PBXShellScriptBuildPhase section */

/* Begin PBXSourcesBuildPhase section */
		D47A4CAC1DB4B7CF00F3A740 /* Sources */ = {
			isa = PBXSourcesBuildPhase;
			buildActionMask = 2147483647;
			files = (
				D467A3A51DB7C59F00005551 /* UserController.swift in Sources */,
				D44260A91DB6442D00EF097F /* ChooseNameViewController.swift in Sources */,
				D47A4CB41DB4B7CF00F3A740 /* AppDelegate.swift in Sources */,
				D426C7BA1DB52C4000D7020E /* LoginViewController.swift in Sources */,
				D467A3A31DB7C33A00005551 /* SubmissionButton.swift in Sources */,
				D48D25A11DB6C3720009AEAC /* MainViewController.swift in Sources */,
			);
			runOnlyForDeploymentPostprocessing = 0;
		};
		D47A4CC01DB4B7CF00F3A740 /* Sources */ = {
			isa = PBXSourcesBuildPhase;
			buildActionMask = 2147483647;
			files = (
				D47A4CC91DB4B7CF00F3A740 /* IT_PAT_2016Tests.swift in Sources */,
			);
			runOnlyForDeploymentPostprocessing = 0;
		};
		D47A4CCB1DB4B7CF00F3A740 /* Sources */ = {
			isa = PBXSourcesBuildPhase;
			buildActionMask = 2147483647;
			files = (
				D47A4CD41DB4B7CF00F3A740 /* IT_PAT_2016UITests.swift in Sources */,
			);
			runOnlyForDeploymentPostprocessing = 0;
		};
/* End PBXSourcesBuildPhase section */

/* Begin PBXTargetDependency section */
		D47A4CC61DB4B7CF00F3A740 /* PBXTargetDependency */ = {
			isa = PBXTargetDependency;
			target = D47A4CAF1DB4B7CF00F3A740 /* IT PAT 2016 */;
			targetProxy = D47A4CC51DB4B7CF00F3A740 /* PBXContainerItemProxy */;
		};
		D47A4CD11DB4B7CF00F3A740 /* PBXTargetDependency */ = {
			isa = PBXTargetDependency;
			target = D47A4CAF1DB4B7CF00F3A740 /* IT PAT 2016 */;
			targetProxy = D47A4CD01DB4B7CF00F3A740 /* PBXContainerItemProxy */;
		};
/* End PBXTargetDependency section */

/* Begin PBXVariantGroup section */
		D47A4CB71DB4B7CF00F3A740 /* Main.storyboard */ = {
			isa = PBXVariantGroup;
			children = (
				D47A4CB81DB4B7CF00F3A740 /* Base */,
			);
			name = Main.storyboard;
			sourceTree = "<group>";
		};
		D47A4CBC1DB4B7CF00F3A740 /* LaunchScreen.storyboard */ = {
			isa = PBXVariantGroup;
			children = (
				D47A4CBD1DB4B7CF00F3A740 /* Base */,
			);
			name = LaunchScreen.storyboard;
			sourceTree = "<group>";
		};
/* End PBXVariantGroup section */

/* Begin XCBuildConfiguration section */
		D47A4CD61DB4B7CF00F3A740 /* Debug */ = {
			isa = XCBuildConfiguration;
			buildSettings = {
				ALWAYS_SEARCH_USER_PATHS = NO;
				CLANG_ANALYZER_NONNULL = YES;
				CLANG_CXX_LANGUAGE_STANDARD = "gnu++0x";
				CLANG_CXX_LIBRARY = "libc++";
				CLANG_ENABLE_MODULES = YES;
				CLANG_ENABLE_OBJC_ARC = YES;
				CLANG_WARN_BOOL_CONVERSION = YES;
				CLANG_WARN_CONSTANT_CONVERSION = YES;
				CLANG_WARN_DIRECT_OBJC_ISA_USAGE = YES_ERROR;
				CLANG_WARN_DOCUMENTATION_COMMENTS = YES;
				CLANG_WARN_EMPTY_BODY = YES;
				CLANG_WARN_ENUM_CONVERSION = YES;
				CLANG_WARN_INFINITE_RECURSION = YES;
				CLANG_WARN_INT_CONVERSION = YES;
				CLANG_WARN_OBJC_ROOT_CLASS = YES_ERROR;
				CLANG_WARN_SUSPICIOUS_MOVE = YES;
				CLANG_WARN_SUSPICIOUS_MOVES = YES;
				CLANG_WARN_UNREACHABLE_CODE = YES;
				CLANG_WARN__DUPLICATE_METHOD_MATCH = YES;
				"CODE_SIGN_IDENTITY[sdk=iphoneos*]" = "iPhone Developer";
				COPY_PHASE_STRIP = NO;
				DEBUG_INFORMATION_FORMAT = dwarf;
				ENABLE_STRICT_OBJC_MSGSEND = YES;
				ENABLE_TESTABILITY = YES;
				GCC_C_LANGUAGE_STANDARD = gnu99;
				GCC_DYNAMIC_NO_PIC = NO;
				GCC_NO_COMMON_BLOCKS = YES;
				GCC_OPTIMIZATION_LEVEL = 0;
				GCC_PREPROCESSOR_DEFINITIONS = (
					"DEBUG=1",
					"$(inherited)",
				);
				GCC_WARN_64_TO_32_BIT_CONVERSION = YES;
				GCC_WARN_ABOUT_RETURN_TYPE = YES_ERROR;
				GCC_WARN_UNDECLARED_SELECTOR = YES;
				GCC_WARN_UNINITIALIZED_AUTOS = YES_AGGRESSIVE;
				GCC_WARN_UNUSED_FUNCTION = YES;
				GCC_WARN_UNUSED_VARIABLE = YES;
				IPHONEOS_DEPLOYMENT_TARGET = 10.0;
				MTL_ENABLE_DEBUG_INFO = YES;
				ONLY_ACTIVE_ARCH = YES;
				SDKROOT = iphoneos;
				SWIFT_ACTIVE_COMPILATION_CONDITIONS = DEBUG;
				SWIFT_OPTIMIZATION_LEVEL = "-Onone";
				TARGETED_DEVICE_FAMILY = "1,2";
			};
			name = Debug;
		};
		D47A4CD71DB4B7CF00F3A740 /* Release */ = {
			isa = XCBuildConfiguration;
			buildSettings = {
				ALWAYS_SEARCH_USER_PATHS = NO;
				CLANG_ANALYZER_NONNULL = YES;
				CLANG_CXX_LANGUAGE_STANDARD = "gnu++0x";
				CLANG_CXX_LIBRARY = "libc++";
				CLANG_ENABLE_MODULES = YES;
				CLANG_ENABLE_OBJC_ARC = YES;
				CLANG_WARN_BOOL_CONVERSION = YES;
				CLANG_WARN_CONSTANT_CONVERSION = YES;
				CLANG_WARN_DIRECT_OBJC_ISA_USAGE = YES_ERROR;
				CLANG_WARN_DOCUMENTATION_COMMENTS = YES;
				CLANG_WARN_EMPTY_BODY = YES;
				CLANG_WARN_ENUM_CONVERSION = YES;
				CLANG_WARN_INFINITE_RECURSION = YES;
				CLANG_WARN_INT_CONVERSION = YES;
				CLANG_WARN_OBJC_ROOT_CLASS = YES_ERROR;
				CLANG_WARN_SUSPICIOUS_MOVE = YES;
				CLANG_WARN_SUSPICIOUS_MOVES = YES;
				CLANG_WARN_UNREACHABLE_CODE = YES;
				CLANG_WARN__DUPLICATE_METHOD_MATCH = YES;
				"CODE_SIGN_IDENTITY[sdk=iphoneos*]" = "iPhone Developer";
				COPY_PHASE_STRIP = NO;
				DEBUG_INFORMATION_FORMAT = "dwarf-with-dsym";
				ENABLE_NS_ASSERTIONS = NO;
				ENABLE_STRICT_OBJC_MSGSEND = YES;
				GCC_C_LANGUAGE_STANDARD = gnu99;
				GCC_NO_COMMON_BLOCKS = YES;
				GCC_WARN_64_TO_32_BIT_CONVERSION = YES;
				GCC_WARN_ABOUT_RETURN_TYPE = YES_ERROR;
				GCC_WARN_UNDECLARED_SELECTOR = YES;
				GCC_WARN_UNINITIALIZED_AUTOS = YES_AGGRESSIVE;
				GCC_WARN_UNUSED_FUNCTION = YES;
				GCC_WARN_UNUSED_VARIABLE = YES;
				IPHONEOS_DEPLOYMENT_TARGET = 10.0;
				MTL_ENABLE_DEBUG_INFO = NO;
				SDKROOT = iphoneos;
				SWIFT_OPTIMIZATION_LEVEL = "-Owholemodule";
				TARGETED_DEVICE_FAMILY = "1,2";
				VALIDATE_PRODUCT = YES;
			};
			name = Release;
		};
		D47A4CD91DB4B7CF00F3A740 /* Debug */ = {
			isa = XCBuildConfiguration;
			baseConfigurationReference = 1FCD81555106B430FF0913B4 /* Pods-IT PAT 2016.debug.xcconfig */;
			buildSettings = {
				ASSETCATALOG_COMPILER_APPICON_NAME = AppIcon;
				CODE_SIGN_ENTITLEMENTS = "IT PAT 2016/IT PAT 2016.entitlements";
				DEVELOPMENT_TEAM = RX8VB86N8V;
				INFOPLIST_FILE = "IT PAT 2016/Info.plist";
				LD_RUNPATH_SEARCH_PATHS = "$(inherited) @executable_path/Frameworks";
				PRODUCT_BUNDLE_IDENTIFIER = "com.stephan.IT-PAT-2016";
				PRODUCT_NAME = "$(TARGET_NAME)";
				SWIFT_VERSION = 3.0;
			};
			name = Debug;
		};
		D47A4CDA1DB4B7CF00F3A740 /* Release */ = {
			isa = XCBuildConfiguration;
			baseConfigurationReference = 9402B9746EB268D38BA70030 /* Pods-IT PAT 2016.release.xcconfig */;
			buildSettings = {
				ASSETCATALOG_COMPILER_APPICON_NAME = AppIcon;
				CODE_SIGN_ENTITLEMENTS = "IT PAT 2016/IT PAT 2016.entitlements";
				DEVELOPMENT_TEAM = RX8VB86N8V;
				INFOPLIST_FILE = "IT PAT 2016/Info.plist";
				LD_RUNPATH_SEARCH_PATHS = "$(inherited) @executable_path/Frameworks";
				PRODUCT_BUNDLE_IDENTIFIER = "com.stephan.IT-PAT-2016";
				PRODUCT_NAME = "$(TARGET_NAME)";
				SWIFT_VERSION = 3.0;
			};
			name = Release;
		};
		D47A4CDC1DB4B7CF00F3A740 /* Debug */ = {
			isa = XCBuildConfiguration;
			baseConfigurationReference = 9EE8156445EDF8D58CC282F1 /* Pods-IT PAT 2016Tests.debug.xcconfig */;
			buildSettings = {
				ALWAYS_EMBED_SWIFT_STANDARD_LIBRARIES = YES;
				BUNDLE_LOADER = "$(TEST_HOST)";
				DEVELOPMENT_TEAM = RX8VB86N8V;
				INFOPLIST_FILE = "IT PAT 2016Tests/Info.plist";
				LD_RUNPATH_SEARCH_PATHS = "$(inherited) @executable_path/Frameworks @loader_path/Frameworks";
				PRODUCT_BUNDLE_IDENTIFIER = "com.stephan.IT-PAT-2016Tests";
				PRODUCT_NAME = "$(TARGET_NAME)";
				SWIFT_VERSION = 3.0;
				TEST_HOST = "$(BUILT_PRODUCTS_DIR)/IT PAT 2016.app/IT PAT 2016";
			};
			name = Debug;
		};
		D47A4CDD1DB4B7CF00F3A740 /* Release */ = {
			isa = XCBuildConfiguration;
			baseConfigurationReference = DC0FDC0633CC729AB47586FF /* Pods-IT PAT 2016Tests.release.xcconfig */;
			buildSettings = {
				ALWAYS_EMBED_SWIFT_STANDARD_LIBRARIES = YES;
				BUNDLE_LOADER = "$(TEST_HOST)";
				DEVELOPMENT_TEAM = RX8VB86N8V;
				INFOPLIST_FILE = "IT PAT 2016Tests/Info.plist";
				LD_RUNPATH_SEARCH_PATHS = "$(inherited) @executable_path/Frameworks @loader_path/Frameworks";
				PRODUCT_BUNDLE_IDENTIFIER = "com.stephan.IT-PAT-2016Tests";
				PRODUCT_NAME = "$(TARGET_NAME)";
				SWIFT_VERSION = 3.0;
				TEST_HOST = "$(BUILT_PRODUCTS_DIR)/IT PAT 2016.app/IT PAT 2016";
			};
			name = Release;
		};
		D47A4CDF1DB4B7CF00F3A740 /* Debug */ = {
			isa = XCBuildConfiguration;
			baseConfigurationReference = 80594E63E68EDAA142A97278 /* Pods-IT PAT 2016UITests.debug.xcconfig */;
			buildSettings = {
				ALWAYS_EMBED_SWIFT_STANDARD_LIBRARIES = YES;
				DEVELOPMENT_TEAM = RX8VB86N8V;
				INFOPLIST_FILE = "IT PAT 2016UITests/Info.plist";
				LD_RUNPATH_SEARCH_PATHS = "$(inherited) @executable_path/Frameworks @loader_path/Frameworks";
				PRODUCT_BUNDLE_IDENTIFIER = "com.stephan.IT-PAT-2016UITests";
				PRODUCT_NAME = "$(TARGET_NAME)";
				SWIFT_VERSION = 3.0;
				TEST_TARGET_NAME = "IT PAT 2016";
			};
			name = Debug;
		};
		D47A4CE01DB4B7CF00F3A740 /* Release */ = {
			isa = XCBuildConfiguration;
			baseConfigurationReference = 1CA8629C93F21FF742BE2AC3 /* Pods-IT PAT 2016UITests.release.xcconfig */;
			buildSettings = {
				ALWAYS_EMBED_SWIFT_STANDARD_LIBRARIES = YES;
				DEVELOPMENT_TEAM = RX8VB86N8V;
				INFOPLIST_FILE = "IT PAT 2016UITests/Info.plist";
				LD_RUNPATH_SEARCH_PATHS = "$(inherited) @executable_path/Frameworks @loader_path/Frameworks";
				PRODUCT_BUNDLE_IDENTIFIER = "com.stephan.IT-PAT-2016UITests";
				PRODUCT_NAME = "$(TARGET_NAME)";
				SWIFT_VERSION = 3.0;
				TEST_TARGET_NAME = "IT PAT 2016";
			};
			name = Release;
		};
/* End XCBuildConfiguration section */

/* Begin XCConfigurationList section */
		D47A4CAB1DB4B7CF00F3A740 /* Build configuration list for PBXProject "IT PAT 2016" */ = {
			isa = XCConfigurationList;
			buildConfigurations = (
				D47A4CD61DB4B7CF00F3A740 /* Debug */,
				D47A4CD71DB4B7CF00F3A740 /* Release */,
			);
			defaultConfigurationIsVisible = 0;
			defaultConfigurationName = Release;
		};
		D47A4CD81DB4B7CF00F3A740 /* Build configuration list for PBXNativeTarget "IT PAT 2016" */ = {
			isa = XCConfigurationList;
			buildConfigurations = (
				D47A4CD91DB4B7CF00F3A740 /* Debug */,
				D47A4CDA1DB4B7CF00F3A740 /* Release */,
			);
			defaultConfigurationIsVisible = 0;
			defaultConfigurationName = Release;
		};
		D47A4CDB1DB4B7CF00F3A740 /* Build configuration list for PBXNativeTarget "IT PAT 2016Tests" */ = {
			isa = XCConfigurationList;
			buildConfigurations = (
				D47A4CDC1DB4B7CF00F3A740 /* Debug */,
				D47A4CDD1DB4B7CF00F3A740 /* Release */,
			);
			defaultConfigurationIsVisible = 0;
			defaultConfigurationName = Release;
		};
		D47A4CDE1DB4B7CF00F3A740 /* Build configuration list for PBXNativeTarget "IT PAT 2016UITests" */ = {
			isa = XCConfigurationList;
			buildConfigurations = (
				D47A4CDF1DB4B7CF00F3A740 /* Debug */,
				D47A4CE01DB4B7CF00F3A740 /* Release */,
			);
			defaultConfigurationIsVisible = 0;
			defaultConfigurationName = Release;
		};
/* End XCConfigurationList section */
	};
	rootObject = D47A4CA81DB4B7CF00F3A740 /* Project object */;
}
